// !$*UTF8*$!
{
	archiveVersion = 1;
	classes = {
	};
	objectVersion = 56;
	objects = {

/* Begin PBXBuildFile section */
		D638A0A02B1530C30077CAC5 /* TrollStoreHelperHelperApp.swift in Sources */ = {isa = PBXBuildFile; fileRef = D638A09F2B1530C30077CAC5 /* TrollStoreHelperHelperApp.swift */; };
		D638A0A22B1530C30077CAC5 /* ContentView.swift in Sources */ = {isa = PBXBuildFile; fileRef = D638A0A12B1530C30077CAC5 /* ContentView.swift */; };
		D638A0A42B1530C60077CAC5 /* Assets.xcassets in Resources */ = {isa = PBXBuildFile; fileRef = D638A0A32B1530C60077CAC5 /* Assets.xcassets */; };
		D638A0A72B1530C60077CAC5 /* Preview Assets.xcassets in Resources */ = {isa = PBXBuildFile; fileRef = D638A0A62B1530C60077CAC5 /* Preview Assets.xcassets */; };
		D638A0B12B1530C70077CAC5 /* TrollStoreHelperHelperTests.swift in Sources */ = {isa = PBXBuildFile; fileRef = D638A0B02B1530C70077CAC5 /* TrollStoreHelperHelperTests.swift */; };
		D638A0BB2B1530C70077CAC5 /* TrollStoreHelperHelperUITests.swift in Sources */ = {isa = PBXBuildFile; fileRef = D638A0BA2B1530C70077CAC5 /* TrollStoreHelperHelperUITests.swift */; };
		D638A0BD2B1530C70077CAC5 /* TrollStoreHelperHelperUITestsLaunchTests.swift in Sources */ = {isa = PBXBuildFile; fileRef = D638A0BC2B1530C70077CAC5 /* TrollStoreHelperHelperUITestsLaunchTests.swift */; };
/* End PBXBuildFile section */

/* Begin PBXContainerItemProxy section */
		D638A0AD2B1530C70077CAC5 /* PBXContainerItemProxy */ = {
			isa = PBXContainerItemProxy;
			containerPortal = D638A0942B1530C30077CAC5 /* Project object */;
			proxyType = 1;
			remoteGlobalIDString = D638A09B2B1530C30077CAC5;
			remoteInfo = TrollStoreHelperHelper;
		};
		D638A0B72B1530C70077CAC5 /* PBXContainerItemProxy */ = {
			isa = PBXContainerItemProxy;
			containerPortal = D638A0942B1530C30077CAC5 /* Project object */;
			proxyType = 1;
			remoteGlobalIDString = D638A09B2B1530C30077CAC5;
			remoteInfo = TrollStoreHelperHelper;
		};
/* End PBXContainerItemProxy section */

/* Begin PBXFileReference section */
		D638A09C2B1530C30077CAC5 /* TrollStoreHelperHelper.app */ = {isa = PBXFileReference; explicitFileType = wrapper.application; includeInIndex = 0; path = TrollStoreHelperHelper.app; sourceTree = BUILT_PRODUCTS_DIR; };
		D638A09F2B1530C30077CAC5 /* TrollStoreHelperHelperApp.swift */ = {isa = PBXFileReference; lastKnownFileType = sourcecode.swift; path = TrollStoreHelperHelperApp.swift; sourceTree = "<group>"; };
		D638A0A12B1530C30077CAC5 /* ContentView.swift */ = {isa = PBXFileReference; lastKnownFileType = sourcecode.swift; path = ContentView.swift; sourceTree = "<group>"; };
		D638A0A32B1530C60077CAC5 /* Assets.xcassets */ = {isa = PBXFileReference; lastKnownFileType = folder.assetcatalog; path = Assets.xcassets; sourceTree = "<group>"; };
		D638A0A62B1530C60077CAC5 /* Preview Assets.xcassets */ = {isa = PBXFileReference; lastKnownFileType = folder.assetcatalog; path = "Preview Assets.xcassets"; sourceTree = "<group>"; };
		D638A0AC2B1530C70077CAC5 /* TrollStoreHelperHelperTests.xctest */ = {isa = PBXFileReference; explicitFileType = wrapper.cfbundle; includeInIndex = 0; path = TrollStoreHelperHelperTests.xctest; sourceTree = BUILT_PRODUCTS_DIR; };
		D638A0B02B1530C70077CAC5 /* TrollStoreHelperHelperTests.swift */ = {isa = PBXFileReference; lastKnownFileType = sourcecode.swift; path = TrollStoreHelperHelperTests.swift; sourceTree = "<group>"; };
		D638A0B62B1530C70077CAC5 /* TrollStoreHelperHelperUITests.xctest */ = {isa = PBXFileReference; explicitFileType = wrapper.cfbundle; includeInIndex = 0; path = TrollStoreHelperHelperUITests.xctest; sourceTree = BUILT_PRODUCTS_DIR; };
		D638A0BA2B1530C70077CAC5 /* TrollStoreHelperHelperUITests.swift */ = {isa = PBXFileReference; lastKnownFileType = sourcecode.swift; path = TrollStoreHelperHelperUITests.swift; sourceTree = "<group>"; };
		D638A0BC2B1530C70077CAC5 /* TrollStoreHelperHelperUITestsLaunchTests.swift */ = {isa = PBXFileReference; lastKnownFileType = sourcecode.swift; path = TrollStoreHelperHelperUITestsLaunchTests.swift; sourceTree = "<group>"; };
/* End PBXFileReference section */

/* Begin PBXFrameworksBuildPhase section */
		D638A0992B1530C30077CAC5 /* Frameworks */ = {
			isa = PBXFrameworksBuildPhase;
			buildActionMask = 2147483647;
			files = (
			);
			runOnlyForDeploymentPostprocessing = 0;
		};
		D638A0A92B1530C70077CAC5 /* Frameworks */ = {
			isa = PBXFrameworksBuildPhase;
			buildActionMask = 2147483647;
			files = (
			);
			runOnlyForDeploymentPostprocessing = 0;
		};
		D638A0B32B1530C70077CAC5 /* Frameworks */ = {
			isa = PBXFrameworksBuildPhase;
			buildActionMask = 2147483647;
			files = (
			);
			runOnlyForDeploymentPostprocessing = 0;
		};
/* End PBXFrameworksBuildPhase section */

/* Begin PBXGroup section */
		D638A0932B1530C30077CAC5 = {
			isa = PBXGroup;
			children = (
				D638A09E2B1530C30077CAC5 /* TrollStoreHelperHelper */,
				D638A0AF2B1530C70077CAC5 /* TrollStoreHelperHelperTests */,
				D638A0B92B1530C70077CAC5 /* TrollStoreHelperHelperUITests */,
				D638A09D2B1530C30077CAC5 /* Products */,
			);
			sourceTree = "<group>";
		};
		D638A09D2B1530C30077CAC5 /* Products */ = {
			isa = PBXGroup;
			children = (
				D638A09C2B1530C30077CAC5 /* TrollStoreHelperHelper.app */,
				D638A0AC2B1530C70077CAC5 /* TrollStoreHelperHelperTests.xctest */,
				D638A0B62B1530C70077CAC5 /* TrollStoreHelperHelperUITests.xctest */,
			);
			name = Products;
			sourceTree = "<group>";
		};
		D638A09E2B1530C30077CAC5 /* TrollStoreHelperHelper */ = {
			isa = PBXGroup;
			children = (
				D638A09F2B1530C30077CAC5 /* TrollStoreHelperHelperApp.swift */,
				D638A0A12B1530C30077CAC5 /* ContentView.swift */,
				D638A0A32B1530C60077CAC5 /* Assets.xcassets */,
				D638A0A52B1530C60077CAC5 /* Preview Content */,
			);
			path = TrollStoreHelperHelper;
			sourceTree = "<group>";
		};
		D638A0A52B1530C60077CAC5 /* Preview Content */ = {
			isa = PBXGroup;
			children = (
				D638A0A62B1530C60077CAC5 /* Preview Assets.xcassets */,
			);
			path = "Preview Content";
			sourceTree = "<group>";
		};
		D638A0AF2B1530C70077CAC5 /* TrollStoreHelperHelperTests */ = {
			isa = PBXGroup;
			children = (
				D638A0B02B1530C70077CAC5 /* TrollStoreHelperHelperTests.swift */,
			);
			path = TrollStoreHelperHelperTests;
			sourceTree = "<group>";
		};
		D638A0B92B1530C70077CAC5 /* TrollStoreHelperHelperUITests */ = {
			isa = PBXGroup;
			children = (
				D638A0BA2B1530C70077CAC5 /* TrollStoreHelperHelperUITests.swift */,
				D638A0BC2B1530C70077CAC5 /* TrollStoreHelperHelperUITestsLaunchTests.swift */,
			);
			path = TrollStoreHelperHelperUITests;
			sourceTree = "<group>";
		};
/* End PBXGroup section */

/* Begin PBXNativeTarget section */
		D638A09B2B1530C30077CAC5 /* TrollStoreHelperHelper */ = {
			isa = PBXNativeTarget;
			buildConfigurationList = D638A0C02B1530C70077CAC5 /* Build configuration list for PBXNativeTarget "TrollStoreHelperHelper" */;
			buildPhases = (
				D638A0982B1530C30077CAC5 /* Sources */,
				D638A0992B1530C30077CAC5 /* Frameworks */,
				D638A09A2B1530C30077CAC5 /* Resources */,
			);
			buildRules = (
			);
			dependencies = (
			);
			name = TrollStoreHelperHelper;
			productName = TrollStoreHelperHelper;
			productReference = D638A09C2B1530C30077CAC5 /* TrollStoreHelperHelper.app */;
			productType = "com.apple.product-type.application";
		};
		D638A0AB2B1530C70077CAC5 /* TrollStoreHelperHelperTests */ = {
			isa = PBXNativeTarget;
			buildConfigurationList = D638A0C32B1530C70077CAC5 /* Build configuration list for PBXNativeTarget "TrollStoreHelperHelperTests" */;
			buildPhases = (
				D638A0A82B1530C70077CAC5 /* Sources */,
				D638A0A92B1530C70077CAC5 /* Frameworks */,
				D638A0AA2B1530C70077CAC5 /* Resources */,
			);
			buildRules = (
			);
			dependencies = (
				D638A0AE2B1530C70077CAC5 /* PBXTargetDependency */,
			);
			name = TrollStoreHelperHelperTests;
			productName = TrollStoreHelperHelperTests;
			productReference = D638A0AC2B1530C70077CAC5 /* TrollStoreHelperHelperTests.xctest */;
			productType = "com.apple.product-type.bundle.unit-test";
		};
		D638A0B52B1530C70077CAC5 /* TrollStoreHelperHelperUITests */ = {
			isa = PBXNativeTarget;
			buildConfigurationList = D638A0C62B1530C70077CAC5 /* Build configuration list for PBXNativeTarget "TrollStoreHelperHelperUITests" */;
			buildPhases = (
				D638A0B22B1530C70077CAC5 /* Sources */,
				D638A0B32B1530C70077CAC5 /* Frameworks */,
				D638A0B42B1530C70077CAC5 /* Resources */,
			);
			buildRules = (
			);
			dependencies = (
				D638A0B82B1530C70077CAC5 /* PBXTargetDependency */,
			);
			name = TrollStoreHelperHelperUITests;
			productName = TrollStoreHelperHelperUITests;
			productReference = D638A0B62B1530C70077CAC5 /* TrollStoreHelperHelperUITests.xctest */;
			productType = "com.apple.product-type.bundle.ui-testing";
		};
/* End PBXNativeTarget section */

/* Begin PBXProject section */
		D638A0942B1530C30077CAC5 /* Project object */ = {
			isa = PBXProject;
			attributes = {
				BuildIndependentTargetsInParallel = 1;
				LastSwiftUpdateCheck = 1500;
				LastUpgradeCheck = 1500;
				TargetAttributes = {
					D638A09B2B1530C30077CAC5 = {
						CreatedOnToolsVersion = 15.0.1;
					};
					D638A0AB2B1530C70077CAC5 = {
						CreatedOnToolsVersion = 15.0.1;
						TestTargetID = D638A09B2B1530C30077CAC5;
					};
					D638A0B52B1530C70077CAC5 = {
						CreatedOnToolsVersion = 15.0.1;
						TestTargetID = D638A09B2B1530C30077CAC5;
					};
				};
			};
			buildConfigurationList = D638A0972B1530C30077CAC5 /* Build configuration list for PBXProject "TrollStoreHelperHelper" */;
			compatibilityVersion = "Xcode 14.0";
			developmentRegion = en;
			hasScannedForEncodings = 0;
			knownRegions = (
				en,
				Base,
			);
			mainGroup = D638A0932B1530C30077CAC5;
			productRefGroup = D638A09D2B1530C30077CAC5 /* Products */;
			projectDirPath = "";
			projectRoot = "";
			targets = (
				D638A09B2B1530C30077CAC5 /* TrollStoreHelperHelper */,
				D638A0AB2B1530C70077CAC5 /* TrollStoreHelperHelperTests */,
				D638A0B52B1530C70077CAC5 /* TrollStoreHelperHelperUITests */,
			);
		};
/* End PBXProject section */

/* Begin PBXResourcesBuildPhase section */
		D638A09A2B1530C30077CAC5 /* Resources */ = {
			isa = PBXResourcesBuildPhase;
			buildActionMask = 2147483647;
			files = (
				D638A0A72B1530C60077CAC5 /* Preview Assets.xcassets in Resources */,
				D638A0A42B1530C60077CAC5 /* Assets.xcassets in Resources */,
			);
			runOnlyForDeploymentPostprocessing = 0;
		};
		D638A0AA2B1530C70077CAC5 /* Resources */ = {
			isa = PBXResourcesBuildPhase;
			buildActionMask = 2147483647;
			files = (
			);
			runOnlyForDeploymentPostprocessing = 0;
		};
		D638A0B42B1530C70077CAC5 /* Resources */ = {
			isa = PBXResourcesBuildPhase;
			buildActionMask = 2147483647;
			files = (
			);
			runOnlyForDeploymentPostprocessing = 0;
		};
/* End PBXResourcesBuildPhase section */

/* Begin PBXSourcesBuildPhase section */
		D638A0982B1530C30077CAC5 /* Sources */ = {
			isa = PBXSourcesBuildPhase;
			buildActionMask = 2147483647;
			files = (
				D638A0A22B1530C30077CAC5 /* ContentView.swift in Sources */,
				D638A0A02B1530C30077CAC5 /* TrollStoreHelperHelperApp.swift in Sources */,
			);
			runOnlyForDeploymentPostprocessing = 0;
		};
		D638A0A82B1530C70077CAC5 /* Sources */ = {
			isa = PBXSourcesBuildPhase;
			buildActionMask = 2147483647;
			files = (
				D638A0B12B1530C70077CAC5 /* TrollStoreHelperHelperTests.swift in Sources */,
			);
			runOnlyForDeploymentPostprocessing = 0;
		};
		D638A0B22B1530C70077CAC5 /* Sources */ = {
			isa = PBXSourcesBuildPhase;
			buildActionMask = 2147483647;
			files = (
				D638A0BD2B1530C70077CAC5 /* TrollStoreHelperHelperUITestsLaunchTests.swift in Sources */,
				D638A0BB2B1530C70077CAC5 /* TrollStoreHelperHelperUITests.swift in Sources */,
			);
			runOnlyForDeploymentPostprocessing = 0;
		};
/* End PBXSourcesBuildPhase section */

/* Begin PBXTargetDependency section */
		D638A0AE2B1530C70077CAC5 /* PBXTargetDependency */ = {
			isa = PBXTargetDependency;
			target = D638A09B2B1530C30077CAC5 /* TrollStoreHelperHelper */;
			targetProxy = D638A0AD2B1530C70077CAC5 /* PBXContainerItemProxy */;
		};
		D638A0B82B1530C70077CAC5 /* PBXTargetDependency */ = {
			isa = PBXTargetDependency;
			target = D638A09B2B1530C30077CAC5 /* TrollStoreHelperHelper */;
			targetProxy = D638A0B72B1530C70077CAC5 /* PBXContainerItemProxy */;
		};
/* End PBXTargetDependency section */

/* Begin XCBuildConfiguration section */
		D638A0BE2B1530C70077CAC5 /* Debug */ = {
			isa = XCBuildConfiguration;
			buildSettings = {
				ALWAYS_SEARCH_USER_PATHS = NO;
				ASSETCATALOG_COMPILER_GENERATE_SWIFT_ASSET_SYMBOL_EXTENSIONS = YES;
				CLANG_ANALYZER_NONNULL = YES;
				CLANG_ANALYZER_NUMBER_OBJECT_CONVERSION = YES_AGGRESSIVE;
				CLANG_CXX_LANGUAGE_STANDARD = "gnu++20";
				CLANG_ENABLE_MODULES = YES;
				CLANG_ENABLE_OBJC_ARC = YES;
				CLANG_ENABLE_OBJC_WEAK = YES;
				CLANG_WARN_BLOCK_CAPTURE_AUTORELEASING = YES;
				CLANG_WARN_BOOL_CONVERSION = YES;
				CLANG_WARN_COMMA = YES;
				CLANG_WARN_CONSTANT_CONVERSION = YES;
				CLANG_WARN_DEPRECATED_OBJC_IMPLEMENTATIONS = YES;
				CLANG_WARN_DIRECT_OBJC_ISA_USAGE = YES_ERROR;
				CLANG_WARN_DOCUMENTATION_COMMENTS = YES;
				CLANG_WARN_EMPTY_BODY = YES;
				CLANG_WARN_ENUM_CONVERSION = YES;
				CLANG_WARN_INFINITE_RECURSION = YES;
				CLANG_WARN_INT_CONVERSION = YES;
				CLANG_WARN_NON_LITERAL_NULL_CONVERSION = YES;
				CLANG_WARN_OBJC_IMPLICIT_RETAIN_SELF = YES;
				CLANG_WARN_OBJC_LITERAL_CONVERSION = YES;
				CLANG_WARN_OBJC_ROOT_CLASS = YES_ERROR;
				CLANG_WARN_QUOTED_INCLUDE_IN_FRAMEWORK_HEADER = YES;
				CLANG_WARN_RANGE_LOOP_ANALYSIS = YES;
				CLANG_WARN_STRICT_PROTOTYPES = YES;
				CLANG_WARN_SUSPICIOUS_MOVE = YES;
				CLANG_WARN_UNGUARDED_AVAILABILITY = YES_AGGRESSIVE;
				CLANG_WARN_UNREACHABLE_CODE = YES;
				CLANG_WARN__DUPLICATE_METHOD_MATCH = YES;
				COPY_PHASE_STRIP = NO;
				DEBUG_INFORMATION_FORMAT = dwarf;
				ENABLE_STRICT_OBJC_MSGSEND = YES;
				ENABLE_TESTABILITY = YES;
				ENABLE_USER_SCRIPT_SANDBOXING = YES;
				GCC_C_LANGUAGE_STANDARD = gnu17;
				GCC_DYNAMIC_NO_PIC = NO;
				GCC_NO_COMMON_BLOCKS = YES;
				GCC_OPTIMIZATION_LEVEL = 0;
				GCC_PREPROCESSOR_DEFINITIONS = (
					"DEBUG=1",
					"$(inherited)",
				);
				GCC_WARN_64_TO_32_BIT_CONVERSION = YES;
				GCC_WARN_ABOUT_RETURN_TYPE = YES_ERROR;
				GCC_WARN_UNDECLARED_SELECTOR = YES;
				GCC_WARN_UNINITIALIZED_AUTOS = YES_AGGRESSIVE;
				GCC_WARN_UNUSED_FUNCTION = YES;
				GCC_WARN_UNUSED_VARIABLE = YES;
				IPHONEOS_DEPLOYMENT_TARGET = 17.0;
				LOCALIZATION_PREFERS_STRING_CATALOGS = YES;
				MTL_ENABLE_DEBUG_INFO = INCLUDE_SOURCE;
				MTL_FAST_MATH = YES;
				ONLY_ACTIVE_ARCH = YES;
				SDKROOT = iphoneos;
				SWIFT_ACTIVE_COMPILATION_CONDITIONS = "DEBUG $(inherited)";
				SWIFT_OPTIMIZATION_LEVEL = "-Onone";
			};
			name = Debug;
		};
		D638A0BF2B1530C70077CAC5 /* Release */ = {
			isa = XCBuildConfiguration;
			buildSettings = {
				ALWAYS_SEARCH_USER_PATHS = NO;
				ASSETCATALOG_COMPILER_GENERATE_SWIFT_ASSET_SYMBOL_EXTENSIONS = YES;
				CLANG_ANALYZER_NONNULL = YES;
				CLANG_ANALYZER_NUMBER_OBJECT_CONVERSION = YES_AGGRESSIVE;
				CLANG_CXX_LANGUAGE_STANDARD = "gnu++20";
				CLANG_ENABLE_MODULES = YES;
				CLANG_ENABLE_OBJC_ARC = YES;
				CLANG_ENABLE_OBJC_WEAK = YES;
				CLANG_WARN_BLOCK_CAPTURE_AUTORELEASING = YES;
				CLANG_WARN_BOOL_CONVERSION = YES;
				CLANG_WARN_COMMA = YES;
				CLANG_WARN_CONSTANT_CONVERSION = YES;
				CLANG_WARN_DEPRECATED_OBJC_IMPLEMENTATIONS = YES;
				CLANG_WARN_DIRECT_OBJC_ISA_USAGE = YES_ERROR;
				CLANG_WARN_DOCUMENTATION_COMMENTS = YES;
				CLANG_WARN_EMPTY_BODY = YES;
				CLANG_WARN_ENUM_CONVERSION = YES;
				CLANG_WARN_INFINITE_RECURSION = YES;
				CLANG_WARN_INT_CONVERSION = YES;
				CLANG_WARN_NON_LITERAL_NULL_CONVERSION = YES;
				CLANG_WARN_OBJC_IMPLICIT_RETAIN_SELF = YES;
				CLANG_WARN_OBJC_LITERAL_CONVERSION = YES;
				CLANG_WARN_OBJC_ROOT_CLASS = YES_ERROR;
				CLANG_WARN_QUOTED_INCLUDE_IN_FRAMEWORK_HEADER = YES;
				CLANG_WARN_RANGE_LOOP_ANALYSIS = YES;
				CLANG_WARN_STRICT_PROTOTYPES = YES;
				CLANG_WARN_SUSPICIOUS_MOVE = YES;
				CLANG_WARN_UNGUARDED_AVAILABILITY = YES_AGGRESSIVE;
				CLANG_WARN_UNREACHABLE_CODE = YES;
				CLANG_WARN__DUPLICATE_METHOD_MATCH = YES;
				COPY_PHASE_STRIP = NO;
				DEBUG_INFORMATION_FORMAT = "dwarf-with-dsym";
				ENABLE_NS_ASSERTIONS = NO;
				ENABLE_STRICT_OBJC_MSGSEND = YES;
				ENABLE_USER_SCRIPT_SANDBOXING = YES;
				GCC_C_LANGUAGE_STANDARD = gnu17;
				GCC_NO_COMMON_BLOCKS = YES;
				GCC_WARN_64_TO_32_BIT_CONVERSION = YES;
				GCC_WARN_ABOUT_RETURN_TYPE = YES_ERROR;
				GCC_WARN_UNDECLARED_SELECTOR = YES;
				GCC_WARN_UNINITIALIZED_AUTOS = YES_AGGRESSIVE;
				GCC_WARN_UNUSED_FUNCTION = YES;
				GCC_WARN_UNUSED_VARIABLE = YES;
				IPHONEOS_DEPLOYMENT_TARGET = 17.0;
				LOCALIZATION_PREFERS_STRING_CATALOGS = YES;
				MTL_ENABLE_DEBUG_INFO = NO;
				MTL_FAST_MATH = YES;
				SDKROOT = iphoneos;
				SWIFT_COMPILATION_MODE = wholemodule;
				VALIDATE_PRODUCT = YES;
			};
			name = Release;
		};
		D638A0C12B1530C70077CAC5 /* Debug */ = {
			isa = XCBuildConfiguration;
			buildSettings = {
				ASSETCATALOG_COMPILER_APPICON_NAME = AppIcon;
				ASSETCATALOG_COMPILER_GLOBAL_ACCENT_COLOR_NAME = AccentColor;
				CODE_SIGN_STYLE = Automatic;
				CURRENT_PROJECT_VERSION = 1;
				DEVELOPMENT_ASSET_PATHS = "\"TrollStoreHelperHelper/Preview Content\"";
				DEVELOPMENT_TEAM = 8JKVMYCRTJ;
				ENABLE_PREVIEWS = YES;
				GENERATE_INFOPLIST_FILE = YES;
				INFOPLIST_KEY_UIApplicationSceneManifest_Generation = YES;
				INFOPLIST_KEY_UIApplicationSupportsIndirectInputEvents = YES;
				INFOPLIST_KEY_UILaunchScreen_Generation = YES;
				INFOPLIST_KEY_UISupportedInterfaceOrientations_iPad = "UIInterfaceOrientationPortrait UIInterfaceOrientationPortraitUpsideDown UIInterfaceOrientationLandscapeLeft UIInterfaceOrientationLandscapeRight";
				INFOPLIST_KEY_UISupportedInterfaceOrientations_iPhone = "UIInterfaceOrientationPortrait UIInterfaceOrientationLandscapeLeft UIInterfaceOrientationLandscapeRight";
				LD_RUNPATH_SEARCH_PATHS = (
					"$(inherited)",
					"@executable_path/Frameworks",
				);
				MARKETING_VERSION = 1.0;
				PRODUCT_BUNDLE_IDENTIFIER = ca.bomberfish.TrollStoreHelperHelper;
				PRODUCT_NAME = "$(TARGET_NAME)";
				SWIFT_EMIT_LOC_STRINGS = YES;
				SWIFT_VERSION = 5.0;
				TARGETED_DEVICE_FAMILY = "1,2";
			};
			name = Debug;
		};
		D638A0C22B1530C70077CAC5 /* Release */ = {
			isa = XCBuildConfiguration;
			buildSettings = {
				ASSETCATALOG_COMPILER_APPICON_NAME = AppIcon;
				ASSETCATALOG_COMPILER_GLOBAL_ACCENT_COLOR_NAME = AccentColor;
				CODE_SIGN_STYLE = Automatic;
				CURRENT_PROJECT_VERSION = 1;
				DEVELOPMENT_ASSET_PATHS = "\"TrollStoreHelperHelper/Preview Content\"";
				DEVELOPMENT_TEAM = 8JKVMYCRTJ;
				ENABLE_PREVIEWS = YES;
				GENERATE_INFOPLIST_FILE = YES;
				INFOPLIST_KEY_UIApplicationSceneManifest_Generation = YES;
				INFOPLIST_KEY_UIApplicationSupportsIndirectInputEvents = YES;
				INFOPLIST_KEY_UILaunchScreen_Generation = YES;
				INFOPLIST_KEY_UISupportedInterfaceOrientations_iPad = "UIInterfaceOrientationPortrait UIInterfaceOrientationPortraitUpsideDown UIInterfaceOrientationLandscapeLeft UIInterfaceOrientationLandscapeRight";
				INFOPLIST_KEY_UISupportedInterfaceOrientations_iPhone = "UIInterfaceOrientationPortrait UIInterfaceOrientationLandscapeLeft UIInterfaceOrientationLandscapeRight";
				LD_RUNPATH_SEARCH_PATHS = (
					"$(inherited)",
					"@executable_path/Frameworks",
				);
				MARKETING_VERSION = 1.0;
				PRODUCT_BUNDLE_IDENTIFIER = ca.bomberfish.TrollStoreHelperHelper;
				PRODUCT_NAME = "$(TARGET_NAME)";
				SWIFT_EMIT_LOC_STRINGS = YES;
				SWIFT_VERSION = 5.0;
				TARGETED_DEVICE_FAMILY = "1,2";
			};
			name = Release;
		};
		D638A0C42B1530C70077CAC5 /* Debug */ = {
			isa = XCBuildConfiguration;
			buildSettings = {
				ALWAYS_EMBED_SWIFT_STANDARD_LIBRARIES = YES;
				BUNDLE_LOADER = "$(TEST_HOST)";
				CODE_SIGN_STYLE = Automatic;
				CURRENT_PROJECT_VERSION = 1;
				DEVELOPMENT_TEAM = 8JKVMYCRTJ;
				GENERATE_INFOPLIST_FILE = YES;
				IPHONEOS_DEPLOYMENT_TARGET = 17.0;
				MARKETING_VERSION = 1.0;
				PRODUCT_BUNDLE_IDENTIFIER = ca.bomberfish.TrollStoreHelperHelperTests;
				PRODUCT_NAME = "$(TARGET_NAME)";
				SWIFT_EMIT_LOC_STRINGS = NO;
				SWIFT_VERSION = 5.0;
				TARGETED_DEVICE_FAMILY = "1,2";
				TEST_HOST = "$(BUILT_PRODUCTS_DIR)/TrollStoreHelperHelper.app/$(BUNDLE_EXECUTABLE_FOLDER_PATH)/TrollStoreHelperHelper";
			};
			name = Debug;
		};
		D638A0C52B1530C70077CAC5 /* Release */ = {
			isa = XCBuildConfiguration;
			buildSettings = {
				ALWAYS_EMBED_SWIFT_STANDARD_LIBRARIES = YES;
				BUNDLE_LOADER = "$(TEST_HOST)";
				CODE_SIGN_STYLE = Automatic;
				CURRENT_PROJECT_VERSION = 1;
				DEVELOPMENT_TEAM = 8JKVMYCRTJ;
				GENERATE_INFOPLIST_FILE = YES;
				IPHONEOS_DEPLOYMENT_TARGET = 17.0;
				MARKETING_VERSION = 1.0;
				PRODUCT_BUNDLE_IDENTIFIER = ca.bomberfish.TrollStoreHelperHelperTests;
				PRODUCT_NAME = "$(TARGET_NAME)";
				SWIFT_EMIT_LOC_STRINGS = NO;
				SWIFT_VERSION = 5.0;
				TARGETED_DEVICE_FAMILY = "1,2";
				TEST_HOST = "$(BUILT_PRODUCTS_DIR)/TrollStoreHelperHelper.app/$(BUNDLE_EXECUTABLE_FOLDER_PATH)/TrollStoreHelperHelper";
			};
			name = Release;
		};
		D638A0C72B1530C70077CAC5 /* Debug */ = {
			isa = XCBuildConfiguration;
			buildSettings = {
				ALWAYS_EMBED_SWIFT_STANDARD_LIBRARIES = YES;
				CODE_SIGN_STYLE = Automatic;
				CURRENT_PROJECT_VERSION = 1;
				DEVELOPMENT_TEAM = 8JKVMYCRTJ;
				GENERATE_INFOPLIST_FILE = YES;
				MARKETING_VERSION = 1.0;
				PRODUCT_BUNDLE_IDENTIFIER = ca.bomberfish.TrollStoreHelperHelperUITests;
				PRODUCT_NAME = "$(TARGET_NAME)";
				SWIFT_EMIT_LOC_STRINGS = NO;
				SWIFT_VERSION = 5.0;
				TARGETED_DEVICE_FAMILY = "1,2";
				TEST_TARGET_NAME = TrollStoreHelperHelper;
			};
			name = Debug;
		};
		D638A0C82B1530C70077CAC5 /* Release */ = {
			isa = XCBuildConfiguration;
			buildSettings = {
				ALWAYS_EMBED_SWIFT_STANDARD_LIBRARIES = YES;
				CODE_SIGN_STYLE = Automatic;
				CURRENT_PROJECT_VERSION = 1;
				DEVELOPMENT_TEAM = 8JKVMYCRTJ;
				GENERATE_INFOPLIST_FILE = YES;
				MARKETING_VERSION = 1.0;
				PRODUCT_BUNDLE_IDENTIFIER = ca.bomberfish.TrollStoreHelperHelperUITests;
				PRODUCT_NAME = "$(TARGET_NAME)";
				SWIFT_EMIT_LOC_STRINGS = NO;
				SWIFT_VERSION = 5.0;
				TARGETED_DEVICE_FAMILY = "1,2";
				TEST_TARGET_NAME = TrollStoreHelperHelper;
			};
			name = Release;
		};
/* End XCBuildConfiguration section */

/* Begin XCConfigurationList section */
		D638A0972B1530C30077CAC5 /* Build configuration list for PBXProject "TrollStoreHelperHelper" */ = {
			isa = XCConfigurationList;
			buildConfigurations = (
				D638A0BE2B1530C70077CAC5 /* Debug */,
				D638A0BF2B1530C70077CAC5 /* Release */,
			);
			defaultConfigurationIsVisible = 0;
			defaultConfigurationName = Release;
		};
		D638A0C02B1530C70077CAC5 /* Build configuration list for PBXNativeTarget "TrollStoreHelperHelper" */ = {
			isa = XCConfigurationList;
			buildConfigurations = (
				D638A0C12B1530C70077CAC5 /* Debug */,
				D638A0C22B1530C70077CAC5 /* Release */,
			);
			defaultConfigurationIsVisible = 0;
			defaultConfigurationName = Release;
		};
		D638A0C32B1530C70077CAC5 /* Build configuration list for PBXNativeTarget "TrollStoreHelperHelperTests" */ = {
			isa = XCConfigurationList;
			buildConfigurations = (
				D638A0C42B1530C70077CAC5 /* Debug */,
				D638A0C52B1530C70077CAC5 /* Release */,
			);
			defaultConfigurationIsVisible = 0;
			defaultConfigurationName = Release;
		};
		D638A0C62B1530C70077CAC5 /* Build configuration list for PBXNativeTarget "TrollStoreHelperHelperUITests" */ = {
			isa = XCConfigurationList;
			buildConfigurations = (
				D638A0C72B1530C70077CAC5 /* Debug */,
				D638A0C82B1530C70077CAC5 /* Release */,
			);
			defaultConfigurationIsVisible = 0;
			defaultConfigurationName = Release;
		};
/* End XCConfigurationList section */
	};
	rootObject = D638A0942B1530C30077CAC5 /* Project object */;
}
